// !$*UTF8*$!
{
	archiveVersion = 1;
	classes = {
	};
	objectVersion = 52;
	objects = {

/* Begin PBXBuildFile section */
		491FFBB726CEA6ED006CD99E /* Trend.swift in Sources */ = {isa = PBXBuildFile; fileRef = 491FFBB626CEA6ED006CD99E /* Trend.swift */; };
		49426B1D26C57D74002C60A2 /* TableCell.swift in Sources */ = {isa = PBXBuildFile; fileRef = 49426B1C26C57D74002C60A2 /* TableCell.swift */; };
		49607A4426BEFD0400A4E81A /* SwiftSoup in Frameworks */ = {isa = PBXBuildFile; productRef = 49607A4326BEFD0400A4E81A /* SwiftSoup */; };
		49607A4C26BEFE8B00A4E81A /* KompasScraper.swift in Sources */ = {isa = PBXBuildFile; fileRef = 49607A4826BEFE8A00A4E81A /* KompasScraper.swift */; };
		49607A4D26BEFE8B00A4E81A /* AntaraScraper.swift in Sources */ = {isa = PBXBuildFile; fileRef = 49607A4926BEFE8B00A4E81A /* AntaraScraper.swift */; };
		49607A4E26BEFE8B00A4E81A /* GoogleCrawler.swift in Sources */ = {isa = PBXBuildFile; fileRef = 49607A4A26BEFE8B00A4E81A /* GoogleCrawler.swift */; };
		4963DB2826CD0D08008E0884 /* DataRequestScheduler.swift in Sources */ = {isa = PBXBuildFile; fileRef = 4963DB2726CD0D08008E0884 /* DataRequestScheduler.swift */; };
		4973C83026CE56CD00E9C169 /* String+.swift in Sources */ = {isa = PBXBuildFile; fileRef = 4973C82F26CE56CD00E9C169 /* String+.swift */; };
		49AFC18C26CBC889004D6643 /* Sequence+.swift in Sources */ = {isa = PBXBuildFile; fileRef = 49AFC18B26CBC889004D6643 /* Sequence+.swift */; };
		49D7F9DF26C114A800F952A4 /* Constants.swift in Sources */ = {isa = PBXBuildFile; fileRef = 49D7F9DE26C114A800F952A4 /* Constants.swift */; };
		49D7F9E426C114BB00F952A4 /* BaseRequest.swift in Sources */ = {isa = PBXBuildFile; fileRef = 49D7F9E226C114BB00F952A4 /* BaseRequest.swift */; };
		49D7F9F226C16E7700F952A4 /* Alamofire in Frameworks */ = {isa = PBXBuildFile; productRef = 49D7F9F126C16E7700F952A4 /* Alamofire */; };
		49D7F9F626C16F8800F952A4 /* SwiftyJSON in Frameworks */ = {isa = PBXBuildFile; productRef = 49D7F9F526C16F8800F952A4 /* SwiftyJSON */; };
		49D7FA0326C18F2200F952A4 /* NewsCase.swift in Sources */ = {isa = PBXBuildFile; fileRef = 49D7FA0226C18F2200F952A4 /* NewsCase.swift */; };
		49D7FA0726C198D200F952A4 /* APIRequest.swift in Sources */ = {isa = PBXBuildFile; fileRef = 49D7FA0626C198D200F952A4 /* APIRequest.swift */; };
		5D34AEFA26BB86670037FD77 /* AnimalTrends.swift in Sources */ = {isa = PBXBuildFile; fileRef = 5D34AEF926BB86670037FD77 /* AnimalTrends.swift */; };
		5D34AEFC26BB8AC50037FD77 /* LocationTrends.swift in Sources */ = {isa = PBXBuildFile; fileRef = 5D34AEFB26BB8AC50037FD77 /* LocationTrends.swift */; };
		5D34AF0026BB97450037FD77 /* LocationBarChartView.swift in Sources */ = {isa = PBXBuildFile; fileRef = 5D34AEFF26BB97450037FD77 /* LocationBarChartView.swift */; };
		5D34AF0226BB99CD0037FD77 /* LocationChartViewModel.swift in Sources */ = {isa = PBXBuildFile; fileRef = 5D34AF0126BB99CD0037FD77 /* LocationChartViewModel.swift */; };
		5D34AF0626BBA8F00037FD77 /* AnimalBarChartView.swift in Sources */ = {isa = PBXBuildFile; fileRef = 5D34AF0526BBA8F00037FD77 /* AnimalBarChartView.swift */; };
		5D34AF0826BBA9460037FD77 /* AnimalChartViewModel.swift in Sources */ = {isa = PBXBuildFile; fileRef = 5D34AF0726BBA9460037FD77 /* AnimalChartViewModel.swift */; };
		D50DDFBD26B8EAF100B5D172 /* CasesViewModel.swift in Sources */ = {isa = PBXBuildFile; fileRef = D50DDFBC26B8EAF100B5D172 /* CasesViewModel.swift */; };
		D50DDFC026B8ECF400B5D172 /* NewsCaseDataFieldResponse.swift in Sources */ = {isa = PBXBuildFile; fileRef = D50DDFBF26B8ECF400B5D172 /* NewsCaseDataFieldResponse.swift */; };
		D50DDFC226B8FA7500B5D172 /* TableHeaderView.swift in Sources */ = {isa = PBXBuildFile; fileRef = D50DDFC126B8FA7500B5D172 /* TableHeaderView.swift */; };
		D50DDFC526B8FBE900B5D172 /* TableHeader.swift in Sources */ = {isa = PBXBuildFile; fileRef = D50DDFC426B8FBE900B5D172 /* TableHeader.swift */; };
		D50DDFC726B9009C00B5D172 /* TableCellView.swift in Sources */ = {isa = PBXBuildFile; fileRef = D50DDFC626B9009C00B5D172 /* TableCellView.swift */; };
		D53DDF8526BB8B8500913A35 /* EdgeBorder.swift in Sources */ = {isa = PBXBuildFile; fileRef = D53DDF8426BB8B8500913A35 /* EdgeBorder.swift */; };
		D53DDF8726BB8DE200913A35 /* NotificationRow.swift in Sources */ = {isa = PBXBuildFile; fileRef = D53DDF8626BB8DE200913A35 /* NotificationRow.swift */; };
		D547CD6B26BAB6DB00E8B91E /* NotificationPopoverView.swift in Sources */ = {isa = PBXBuildFile; fileRef = D547CD6A26BAB6DB00E8B91E /* NotificationPopoverView.swift */; };
		D547CD6D26BAB6F000E8B91E /* NotificationPopoverViewModel.swift in Sources */ = {isa = PBXBuildFile; fileRef = D547CD6C26BAB6F000E8B91E /* NotificationPopoverViewModel.swift */; };
		D547CD6F26BAB71100E8B91E /* Notification.swift in Sources */ = {isa = PBXBuildFile; fileRef = D547CD6E26BAB71100E8B91E /* Notification.swift */; };
		D569F05926B149F800F39E8E /* Charts in Frameworks */ = {isa = PBXBuildFile; productRef = D569F05826B149F800F39E8E /* Charts */; };
		D569F06026B14C5500F39E8E /* SidebarViewModel.swift in Sources */ = {isa = PBXBuildFile; fileRef = D569F05F26B14C5500F39E8E /* SidebarViewModel.swift */; };
		D569F06226B14C8100F39E8E /* SidebarMenu.swift in Sources */ = {isa = PBXBuildFile; fileRef = D569F06126B14C8100F39E8E /* SidebarMenu.swift */; };
		D569F06826B152DB00F39E8E /* TrendsView.swift in Sources */ = {isa = PBXBuildFile; fileRef = D569F06726B152DB00F39E8E /* TrendsView.swift */; };
		D569F06B26B152F700F39E8E /* CasesView.swift in Sources */ = {isa = PBXBuildFile; fileRef = D569F06A26B152F700F39E8E /* CasesView.swift */; };
		D569F06E26B159ED00F39E8E /* ButtonStyle+Extensions.swift in Sources */ = {isa = PBXBuildFile; fileRef = D569F06D26B159ED00F39E8E /* ButtonStyle+Extensions.swift */; };
		D57BC8D826B79C2800F8DB8B /* DateSelectorView.swift in Sources */ = {isa = PBXBuildFile; fileRef = D57BC8D726B79C2800F8DB8B /* DateSelectorView.swift */; };
		D57BC8DB26B7A12700F8DB8B /* DownloadShareButtonView.swift in Sources */ = {isa = PBXBuildFile; fileRef = D57BC8DA26B7A12700F8DB8B /* DownloadShareButtonView.swift */; };
		D57BC8DD26B7A54200F8DB8B /* DownloadShareButtonViewModel.swift in Sources */ = {isa = PBXBuildFile; fileRef = D57BC8DC26B7A54200F8DB8B /* DownloadShareButtonViewModel.swift */; };
		D57BC8DF26B7AE1000F8DB8B /* View+Extensions.swift in Sources */ = {isa = PBXBuildFile; fileRef = D57BC8DE26B7AE1000F8DB8B /* View+Extensions.swift */; };
		D58FD4A026B7DD81001F7B15 /* FileType.swift in Sources */ = {isa = PBXBuildFile; fileRef = D58FD49F26B7DD81001F7B15 /* FileType.swift */; };
		D58FD4A226B8042B001F7B15 /* NSImage+Extensions.swift in Sources */ = {isa = PBXBuildFile; fileRef = D58FD4A126B8042B001F7B15 /* NSImage+Extensions.swift */; };
		D5B95B0A26C68E6900BB5076 /* Collection+Extensions.swift in Sources */ = {isa = PBXBuildFile; fileRef = D5B95B0926C68E6900BB5076 /* Collection+Extensions.swift */; };
		D5BEF6E226C5158B00740AC4 /* RetrieveDataButton.swift in Sources */ = {isa = PBXBuildFile; fileRef = D5BEF6E126C5158B00740AC4 /* RetrieveDataButton.swift */; };
		D5C2CFCB26B05D7F0003C89A /* MaliarApp.swift in Sources */ = {isa = PBXBuildFile; fileRef = D5C2CFCA26B05D7F0003C89A /* MaliarApp.swift */; };
		D5C2CFCD26B05D7F0003C89A /* SidebarView.swift in Sources */ = {isa = PBXBuildFile; fileRef = D5C2CFCC26B05D7F0003C89A /* SidebarView.swift */; };
		D5C2CFCF26B05D820003C89A /* Assets.xcassets in Resources */ = {isa = PBXBuildFile; fileRef = D5C2CFCE26B05D820003C89A /* Assets.xcassets */; };
		D5C2CFD226B05D820003C89A /* Preview Assets.xcassets in Resources */ = {isa = PBXBuildFile; fileRef = D5C2CFD126B05D820003C89A /* Preview Assets.xcassets */; };
/* End PBXBuildFile section */

/* Begin PBXFileReference section */
		491FFBB626CEA6ED006CD99E /* Trend.swift */ = {isa = PBXFileReference; lastKnownFileType = sourcecode.swift; path = Trend.swift; sourceTree = "<group>"; };
		49426B1C26C57D74002C60A2 /* TableCell.swift */ = {isa = PBXFileReference; lastKnownFileType = sourcecode.swift; path = TableCell.swift; sourceTree = "<group>"; };
		49607A4826BEFE8A00A4E81A /* KompasScraper.swift */ = {isa = PBXFileReference; fileEncoding = 4; lastKnownFileType = sourcecode.swift; path = KompasScraper.swift; sourceTree = "<group>"; };
		49607A4926BEFE8B00A4E81A /* AntaraScraper.swift */ = {isa = PBXFileReference; fileEncoding = 4; lastKnownFileType = sourcecode.swift; path = AntaraScraper.swift; sourceTree = "<group>"; };
		49607A4A26BEFE8B00A4E81A /* GoogleCrawler.swift */ = {isa = PBXFileReference; fileEncoding = 4; lastKnownFileType = sourcecode.swift; path = GoogleCrawler.swift; sourceTree = "<group>"; };
		4963DB2726CD0D08008E0884 /* DataRequestScheduler.swift */ = {isa = PBXFileReference; fileEncoding = 4; lastKnownFileType = sourcecode.swift; path = DataRequestScheduler.swift; sourceTree = "<group>"; };
		4973C82F26CE56CD00E9C169 /* String+.swift */ = {isa = PBXFileReference; lastKnownFileType = sourcecode.swift; path = "String+.swift"; sourceTree = "<group>"; };
		49AFC18B26CBC889004D6643 /* Sequence+.swift */ = {isa = PBXFileReference; lastKnownFileType = sourcecode.swift; path = "Sequence+.swift"; sourceTree = "<group>"; };
		49D7F9DE26C114A800F952A4 /* Constants.swift */ = {isa = PBXFileReference; fileEncoding = 4; lastKnownFileType = sourcecode.swift; path = Constants.swift; sourceTree = "<group>"; };
		49D7F9E226C114BB00F952A4 /* BaseRequest.swift */ = {isa = PBXFileReference; fileEncoding = 4; lastKnownFileType = sourcecode.swift; path = BaseRequest.swift; sourceTree = "<group>"; };
		49D7FA0226C18F2200F952A4 /* NewsCase.swift */ = {isa = PBXFileReference; lastKnownFileType = sourcecode.swift; path = NewsCase.swift; sourceTree = "<group>"; };
		49D7FA0626C198D200F952A4 /* APIRequest.swift */ = {isa = PBXFileReference; lastKnownFileType = sourcecode.swift; path = APIRequest.swift; sourceTree = "<group>"; };
		5D34AEF926BB86670037FD77 /* AnimalTrends.swift */ = {isa = PBXFileReference; lastKnownFileType = sourcecode.swift; path = AnimalTrends.swift; sourceTree = "<group>"; };
		5D34AEFB26BB8AC50037FD77 /* LocationTrends.swift */ = {isa = PBXFileReference; lastKnownFileType = sourcecode.swift; path = LocationTrends.swift; sourceTree = "<group>"; };
		5D34AEFF26BB97450037FD77 /* LocationBarChartView.swift */ = {isa = PBXFileReference; lastKnownFileType = sourcecode.swift; path = LocationBarChartView.swift; sourceTree = "<group>"; };
		5D34AF0126BB99CD0037FD77 /* LocationChartViewModel.swift */ = {isa = PBXFileReference; lastKnownFileType = sourcecode.swift; path = LocationChartViewModel.swift; sourceTree = "<group>"; };
		5D34AF0526BBA8F00037FD77 /* AnimalBarChartView.swift */ = {isa = PBXFileReference; lastKnownFileType = sourcecode.swift; path = AnimalBarChartView.swift; sourceTree = "<group>"; };
		5D34AF0726BBA9460037FD77 /* AnimalChartViewModel.swift */ = {isa = PBXFileReference; lastKnownFileType = sourcecode.swift; path = AnimalChartViewModel.swift; sourceTree = "<group>"; };
		D50DDFBC26B8EAF100B5D172 /* CasesViewModel.swift */ = {isa = PBXFileReference; lastKnownFileType = sourcecode.swift; path = CasesViewModel.swift; sourceTree = "<group>"; };
		D50DDFBF26B8ECF400B5D172 /* NewsCaseDataFieldResponse.swift */ = {isa = PBXFileReference; lastKnownFileType = sourcecode.swift; path = NewsCaseDataFieldResponse.swift; sourceTree = "<group>"; };
		D50DDFC126B8FA7500B5D172 /* TableHeaderView.swift */ = {isa = PBXFileReference; lastKnownFileType = sourcecode.swift; path = TableHeaderView.swift; sourceTree = "<group>"; };
		D50DDFC426B8FBE900B5D172 /* TableHeader.swift */ = {isa = PBXFileReference; lastKnownFileType = sourcecode.swift; name = TableHeader.swift; path = Maliar/Features/Cases/Model/TableHeader.swift; sourceTree = SOURCE_ROOT; };
		D50DDFC626B9009C00B5D172 /* TableCellView.swift */ = {isa = PBXFileReference; lastKnownFileType = sourcecode.swift; path = TableCellView.swift; sourceTree = "<group>"; };
		D53DDF8426BB8B8500913A35 /* EdgeBorder.swift */ = {isa = PBXFileReference; lastKnownFileType = sourcecode.swift; path = EdgeBorder.swift; sourceTree = "<group>"; };
		D53DDF8626BB8DE200913A35 /* NotificationRow.swift */ = {isa = PBXFileReference; lastKnownFileType = sourcecode.swift; path = NotificationRow.swift; sourceTree = "<group>"; };
		D547CD6A26BAB6DB00E8B91E /* NotificationPopoverView.swift */ = {isa = PBXFileReference; lastKnownFileType = sourcecode.swift; path = NotificationPopoverView.swift; sourceTree = "<group>"; };
		D547CD6C26BAB6F000E8B91E /* NotificationPopoverViewModel.swift */ = {isa = PBXFileReference; lastKnownFileType = sourcecode.swift; path = NotificationPopoverViewModel.swift; sourceTree = "<group>"; };
		D547CD6E26BAB71100E8B91E /* Notification.swift */ = {isa = PBXFileReference; lastKnownFileType = sourcecode.swift; path = Notification.swift; sourceTree = "<group>"; };
		D569F05F26B14C5500F39E8E /* SidebarViewModel.swift */ = {isa = PBXFileReference; lastKnownFileType = sourcecode.swift; path = SidebarViewModel.swift; sourceTree = "<group>"; };
		D569F06126B14C8100F39E8E /* SidebarMenu.swift */ = {isa = PBXFileReference; lastKnownFileType = sourcecode.swift; path = SidebarMenu.swift; sourceTree = "<group>"; };
		D569F06726B152DB00F39E8E /* TrendsView.swift */ = {isa = PBXFileReference; lastKnownFileType = sourcecode.swift; path = TrendsView.swift; sourceTree = "<group>"; };
		D569F06A26B152F700F39E8E /* CasesView.swift */ = {isa = PBXFileReference; lastKnownFileType = sourcecode.swift; path = CasesView.swift; sourceTree = "<group>"; };
		D569F06D26B159ED00F39E8E /* ButtonStyle+Extensions.swift */ = {isa = PBXFileReference; lastKnownFileType = sourcecode.swift; path = "ButtonStyle+Extensions.swift"; sourceTree = "<group>"; };
		D57BC8D726B79C2800F8DB8B /* DateSelectorView.swift */ = {isa = PBXFileReference; lastKnownFileType = sourcecode.swift; path = DateSelectorView.swift; sourceTree = "<group>"; };
		D57BC8DA26B7A12700F8DB8B /* DownloadShareButtonView.swift */ = {isa = PBXFileReference; lastKnownFileType = sourcecode.swift; path = DownloadShareButtonView.swift; sourceTree = "<group>"; };
		D57BC8DC26B7A54200F8DB8B /* DownloadShareButtonViewModel.swift */ = {isa = PBXFileReference; lastKnownFileType = sourcecode.swift; path = DownloadShareButtonViewModel.swift; sourceTree = "<group>"; };
		D57BC8DE26B7AE1000F8DB8B /* View+Extensions.swift */ = {isa = PBXFileReference; lastKnownFileType = sourcecode.swift; path = "View+Extensions.swift"; sourceTree = "<group>"; };
		D58FD49F26B7DD81001F7B15 /* FileType.swift */ = {isa = PBXFileReference; lastKnownFileType = sourcecode.swift; path = FileType.swift; sourceTree = "<group>"; };
		D58FD4A126B8042B001F7B15 /* NSImage+Extensions.swift */ = {isa = PBXFileReference; lastKnownFileType = sourcecode.swift; path = "NSImage+Extensions.swift"; sourceTree = "<group>"; };
		D5B95B0926C68E6900BB5076 /* Collection+Extensions.swift */ = {isa = PBXFileReference; lastKnownFileType = sourcecode.swift; path = "Collection+Extensions.swift"; sourceTree = "<group>"; };
		D5BEF6E126C5158B00740AC4 /* RetrieveDataButton.swift */ = {isa = PBXFileReference; lastKnownFileType = sourcecode.swift; path = RetrieveDataButton.swift; sourceTree = "<group>"; };
		D5C2CFC726B05D7F0003C89A /* Maliar.app */ = {isa = PBXFileReference; explicitFileType = wrapper.application; includeInIndex = 0; path = Maliar.app; sourceTree = BUILT_PRODUCTS_DIR; };
		D5C2CFCA26B05D7F0003C89A /* MaliarApp.swift */ = {isa = PBXFileReference; lastKnownFileType = sourcecode.swift; path = MaliarApp.swift; sourceTree = "<group>"; };
		D5C2CFCC26B05D7F0003C89A /* SidebarView.swift */ = {isa = PBXFileReference; lastKnownFileType = sourcecode.swift; path = SidebarView.swift; sourceTree = "<group>"; };
		D5C2CFCE26B05D820003C89A /* Assets.xcassets */ = {isa = PBXFileReference; lastKnownFileType = folder.assetcatalog; path = Assets.xcassets; sourceTree = "<group>"; };
		D5C2CFD126B05D820003C89A /* Preview Assets.xcassets */ = {isa = PBXFileReference; lastKnownFileType = folder.assetcatalog; path = "Preview Assets.xcassets"; sourceTree = "<group>"; };
		D5C2CFD326B05D820003C89A /* Info.plist */ = {isa = PBXFileReference; lastKnownFileType = text.plist.xml; path = Info.plist; sourceTree = "<group>"; };
		D5C2CFD426B05D820003C89A /* Maliar.entitlements */ = {isa = PBXFileReference; lastKnownFileType = text.plist.entitlements; path = Maliar.entitlements; sourceTree = "<group>"; };
/* End PBXFileReference section */

/* Begin PBXFrameworksBuildPhase section */
		D5C2CFC426B05D7F0003C89A /* Frameworks */ = {
			isa = PBXFrameworksBuildPhase;
			buildActionMask = 2147483647;
			files = (
				49D7F9F226C16E7700F952A4 /* Alamofire in Frameworks */,
				D569F05926B149F800F39E8E /* Charts in Frameworks */,
				49D7F9F626C16F8800F952A4 /* SwiftyJSON in Frameworks */,
				49607A4426BEFD0400A4E81A /* SwiftSoup in Frameworks */,
			);
			runOnlyForDeploymentPostprocessing = 0;
		};
/* End PBXFrameworksBuildPhase section */

/* Begin PBXGroup section */
		49607A4626BEFE5600A4E81A /* Scraping */ = {
			isa = PBXGroup;
			children = (
				49607A4926BEFE8B00A4E81A /* AntaraScraper.swift */,
				49607A4A26BEFE8B00A4E81A /* GoogleCrawler.swift */,
				49607A4826BEFE8A00A4E81A /* KompasScraper.swift */,
			);
			path = Scraping;
			sourceTree = "<group>";
		};
		49D7F9CF26C10F7C00F952A4 /* Services */ = {
			isa = PBXGroup;
			children = (
				49D7F9DB26C1132200F952A4 /* Constant */,
				49D7F9DA26C112F200F952A4 /* Network Service */,
				49607A4626BEFE5600A4E81A /* Scraping */,
				49D7F9D926C112A600F952A4 /* DataManager */,
			);
			path = Services;
			sourceTree = "<group>";
		};
		49D7F9D926C112A600F952A4 /* DataManager */ = {
			isa = PBXGroup;
			children = (
				4963DB2726CD0D08008E0884 /* DataRequestScheduler.swift */,
			);
			path = DataManager;
			sourceTree = "<group>";
		};
		49D7F9DA26C112F200F952A4 /* Network Service */ = {
			isa = PBXGroup;
			children = (
				49D7F9E226C114BB00F952A4 /* BaseRequest.swift */,
				49D7FA0626C198D200F952A4 /* APIRequest.swift */,
			);
			path = "Network Service";
			sourceTree = "<group>";
		};
		49D7F9DB26C1132200F952A4 /* Constant */ = {
			isa = PBXGroup;
			children = (
				49D7F9DE26C114A800F952A4 /* Constants.swift */,
			);
			path = Constant;
			sourceTree = "<group>";
		};
		5DF49D8026BA69290091CF5E /* Model */ = {
			isa = PBXGroup;
			children = (
				5D34AEFB26BB8AC50037FD77 /* LocationTrends.swift */,
				5D34AEF926BB86670037FD77 /* AnimalTrends.swift */,
				491FFBB626CEA6ED006CD99E /* Trend.swift */,
			);
			path = Model;
			sourceTree = "<group>";
		};
		5DF49D8126BA69360091CF5E /* ViewModel */ = {
			isa = PBXGroup;
			children = (
				5D34AF0126BB99CD0037FD77 /* LocationChartViewModel.swift */,
				5D34AF0726BBA9460037FD77 /* AnimalChartViewModel.swift */,
			);
			path = ViewModel;
			sourceTree = "<group>";
		};
		D50DDFBB26B8EAC400B5D172 /* ViewModel */ = {
			isa = PBXGroup;
			children = (
				D50DDFBC26B8EAF100B5D172 /* CasesViewModel.swift */,
			);
			path = ViewModel;
			sourceTree = "<group>";
		};
		D50DDFBE26B8ECDC00B5D172 /* Model */ = {
			isa = PBXGroup;
			children = (
				D50DDFC426B8FBE900B5D172 /* TableHeader.swift */,
				D50DDFBF26B8ECF400B5D172 /* NewsCaseDataFieldResponse.swift */,
				49D7FA0226C18F2200F952A4 /* NewsCase.swift */,
				49426B1C26C57D74002C60A2 /* TableCell.swift */,
			);
			path = Model;
			sourceTree = "<group>";
		};
		D53DDF8326BB8B5D00913A35 /* Custom Shape */ = {
			isa = PBXGroup;
			children = (
				D53DDF8426BB8B8500913A35 /* EdgeBorder.swift */,
			);
			path = "Custom Shape";
			sourceTree = "<group>";
		};
		D547CD6626BAB56300E8B91E /* Notification Popover */ = {
			isa = PBXGroup;
			children = (
				D547CD6926BAB6CA00E8B91E /* View */,
				D547CD6826BAB6C500E8B91E /* ViewModel */,
				D547CD6726BAB6BF00E8B91E /* Model */,
			);
			path = "Notification Popover";
			sourceTree = "<group>";
		};
		D547CD6726BAB6BF00E8B91E /* Model */ = {
			isa = PBXGroup;
			children = (
				D547CD6E26BAB71100E8B91E /* Notification.swift */,
			);
			path = Model;
			sourceTree = "<group>";
		};
		D547CD6826BAB6C500E8B91E /* ViewModel */ = {
			isa = PBXGroup;
			children = (
				D547CD6C26BAB6F000E8B91E /* NotificationPopoverViewModel.swift */,
			);
			path = ViewModel;
			sourceTree = "<group>";
		};
		D547CD6926BAB6CA00E8B91E /* View */ = {
			isa = PBXGroup;
			children = (
				D547CD6A26BAB6DB00E8B91E /* NotificationPopoverView.swift */,
				D53DDF8626BB8DE200913A35 /* NotificationRow.swift */,
			);
			path = View;
			sourceTree = "<group>";
		};
		D569F05526B146F800F39E8E /* Supporting Files */ = {
			isa = PBXGroup;
			children = (
				D5C2CFD326B05D820003C89A /* Info.plist */,
				D5C2CFD426B05D820003C89A /* Maliar.entitlements */,
			);
			path = "Supporting Files";
			sourceTree = "<group>";
		};
		D569F05626B1495700F39E8E /* Features */ = {
			isa = PBXGroup;
			children = (
				D547CD6626BAB56300E8B91E /* Notification Popover */,
				D569F05A26B14A5E00F39E8E /* SidebarMenu */,
				D569F06326B14FBB00F39E8E /* Trends */,
				D569F06426B14FEB00F39E8E /* Cases */,
			);
			path = Features;
			sourceTree = "<group>";
		};
		D569F05A26B14A5E00F39E8E /* SidebarMenu */ = {
			isa = PBXGroup;
			children = (
				D569F05B26B14A8900F39E8E /* Model */,
				D569F05D26B14A9700F39E8E /* View */,
				D569F05C26B14A9200F39E8E /* ViewModel */,
			);
			path = SidebarMenu;
			sourceTree = "<group>";
		};
		D569F05B26B14A8900F39E8E /* Model */ = {
			isa = PBXGroup;
			children = (
				D569F06126B14C8100F39E8E /* SidebarMenu.swift */,
			);
			path = Model;
			sourceTree = "<group>";
		};
		D569F05C26B14A9200F39E8E /* ViewModel */ = {
			isa = PBXGroup;
			children = (
				D569F05F26B14C5500F39E8E /* SidebarViewModel.swift */,
			);
			path = ViewModel;
			sourceTree = "<group>";
		};
		D569F05D26B14A9700F39E8E /* View */ = {
			isa = PBXGroup;
			children = (
				D5C2CFCC26B05D7F0003C89A /* SidebarView.swift */,
			);
			path = View;
			sourceTree = "<group>";
		};
		D569F05E26B14AC200F39E8E /* Utilities */ = {
			isa = PBXGroup;
			children = (
				D53DDF8326BB8B5D00913A35 /* Custom Shape */,
				D57BC8D526B798DF00F8DB8B /* Reusables */,
				D569F06C26B1599000F39E8E /* Extensions */,
			);
			path = Utilities;
			sourceTree = "<group>";
		};
		D569F06326B14FBB00F39E8E /* Trends */ = {
			isa = PBXGroup;
			children = (
				5DF49D8026BA69290091CF5E /* Model */,
				5DF49D8126BA69360091CF5E /* ViewModel */,
				D569F06526B152CA00F39E8E /* View */,
			);
			path = Trends;
			sourceTree = "<group>";
		};
		D569F06426B14FEB00F39E8E /* Cases */ = {
			isa = PBXGroup;
			children = (
				D50DDFBE26B8ECDC00B5D172 /* Model */,
				D50DDFBB26B8EAC400B5D172 /* ViewModel */,
				D569F06626B152CF00F39E8E /* View */,
			);
			path = Cases;
			sourceTree = "<group>";
		};
		D569F06526B152CA00F39E8E /* View */ = {
			isa = PBXGroup;
			children = (
				D569F06726B152DB00F39E8E /* TrendsView.swift */,
				5D34AEFF26BB97450037FD77 /* LocationBarChartView.swift */,
				5D34AF0526BBA8F00037FD77 /* AnimalBarChartView.swift */,
			);
			path = View;
			sourceTree = "<group>";
		};
		D569F06626B152CF00F39E8E /* View */ = {
			isa = PBXGroup;
			children = (
				D50DDFC126B8FA7500B5D172 /* TableHeaderView.swift */,
				D50DDFC626B9009C00B5D172 /* TableCellView.swift */,
				D569F06A26B152F700F39E8E /* CasesView.swift */,
			);
			path = View;
			sourceTree = "<group>";
		};
		D569F06C26B1599000F39E8E /* Extensions */ = {
			isa = PBXGroup;
			children = (
				D569F06D26B159ED00F39E8E /* ButtonStyle+Extensions.swift */,
				D57BC8DE26B7AE1000F8DB8B /* View+Extensions.swift */,
				D58FD4A126B8042B001F7B15 /* NSImage+Extensions.swift */,
				4973C82F26CE56CD00E9C169 /* String+.swift */,
				D5B95B0926C68E6900BB5076 /* Collection+Extensions.swift */,
				49AFC18B26CBC889004D6643 /* Sequence+.swift */,
			);
			path = Extensions;
			sourceTree = "<group>";
		};
		D57BC8D526B798DF00F8DB8B /* Reusables */ = {
			isa = PBXGroup;
			children = (
				D5BEF6E026C5156700740AC4 /* RetrieveButton */,
				D57BC8D926B79F7900F8DB8B /* DownloadShareButton */,
				D57BC8D626B79C0900F8DB8B /* DateSelector */,
			);
			path = Reusables;
			sourceTree = "<group>";
		};
		D57BC8D626B79C0900F8DB8B /* DateSelector */ = {
			isa = PBXGroup;
			children = (
				D57BC8D726B79C2800F8DB8B /* DateSelectorView.swift */,
			);
			path = DateSelector;
			sourceTree = "<group>";
		};
		D57BC8D926B79F7900F8DB8B /* DownloadShareButton */ = {
			isa = PBXGroup;
			children = (
				D57BC8DA26B7A12700F8DB8B /* DownloadShareButtonView.swift */,
				D57BC8DC26B7A54200F8DB8B /* DownloadShareButtonViewModel.swift */,
				D58FD49F26B7DD81001F7B15 /* FileType.swift */,
			);
			path = DownloadShareButton;
			sourceTree = "<group>";
		};
		D5BEF6E026C5156700740AC4 /* RetrieveButton */ = {
			isa = PBXGroup;
			children = (
				D5BEF6E126C5158B00740AC4 /* RetrieveDataButton.swift */,
			);
			path = RetrieveButton;
			sourceTree = "<group>";
		};
		D5C2CFBE26B05D7F0003C89A = {
			isa = PBXGroup;
			children = (
				D5C2CFC926B05D7F0003C89A /* Maliar */,
				D5C2CFC826B05D7F0003C89A /* Products */,
			);
			sourceTree = "<group>";
		};
		D5C2CFC826B05D7F0003C89A /* Products */ = {
			isa = PBXGroup;
			children = (
				D5C2CFC726B05D7F0003C89A /* Maliar.app */,
			);
			name = Products;
			sourceTree = "<group>";
		};
		D5C2CFC926B05D7F0003C89A /* Maliar */ = {
			isa = PBXGroup;
			children = (
				49D7F9CF26C10F7C00F952A4 /* Services */,
				D5C2CFCA26B05D7F0003C89A /* MaliarApp.swift */,
				D569F05E26B14AC200F39E8E /* Utilities */,
				D569F05626B1495700F39E8E /* Features */,
				D5C2CFCE26B05D820003C89A /* Assets.xcassets */,
				D569F05526B146F800F39E8E /* Supporting Files */,
				D5C2CFD026B05D820003C89A /* Preview Content */,
			);
			path = Maliar;
			sourceTree = "<group>";
		};
		D5C2CFD026B05D820003C89A /* Preview Content */ = {
			isa = PBXGroup;
			children = (
				D5C2CFD126B05D820003C89A /* Preview Assets.xcassets */,
			);
			path = "Preview Content";
			sourceTree = "<group>";
		};
/* End PBXGroup section */

/* Begin PBXNativeTarget section */
		D5C2CFC626B05D7F0003C89A /* Maliar */ = {
			isa = PBXNativeTarget;
			buildConfigurationList = D5C2CFD726B05D820003C89A /* Build configuration list for PBXNativeTarget "Maliar" */;
			buildPhases = (
				D5C2CFC326B05D7F0003C89A /* Sources */,
				D5C2CFC426B05D7F0003C89A /* Frameworks */,
				D5C2CFC526B05D7F0003C89A /* Resources */,
			);
			buildRules = (
			);
			dependencies = (
			);
			name = Maliar;
			packageProductDependencies = (
				D569F05826B149F800F39E8E /* Charts */,
				49607A4326BEFD0400A4E81A /* SwiftSoup */,
				49D7F9F126C16E7700F952A4 /* Alamofire */,
				49D7F9F526C16F8800F952A4 /* SwiftyJSON */,
			);
			productName = Maliar;
			productReference = D5C2CFC726B05D7F0003C89A /* Maliar.app */;
			productType = "com.apple.product-type.application";
		};
/* End PBXNativeTarget section */

/* Begin PBXProject section */
		D5C2CFBF26B05D7F0003C89A /* Project object */ = {
			isa = PBXProject;
			attributes = {
				LastSwiftUpdateCheck = 1250;
				LastUpgradeCheck = 1250;
				TargetAttributes = {
					D5C2CFC626B05D7F0003C89A = {
						CreatedOnToolsVersion = 12.5.1;
					};
				};
			};
			buildConfigurationList = D5C2CFC226B05D7F0003C89A /* Build configuration list for PBXProject "Maliar" */;
			compatibilityVersion = "Xcode 9.3";
			developmentRegion = en;
			hasScannedForEncodings = 0;
			knownRegions = (
				en,
				Base,
			);
			mainGroup = D5C2CFBE26B05D7F0003C89A;
			packageReferences = (
				D569F05726B149F800F39E8E /* XCRemoteSwiftPackageReference "Charts" */,
				49607A4226BEFD0400A4E81A /* XCRemoteSwiftPackageReference "SwiftSoup" */,
				49D7F9F026C16E7700F952A4 /* XCRemoteSwiftPackageReference "Alamofire" */,
				49D7F9F426C16F8800F952A4 /* XCRemoteSwiftPackageReference "SwiftyJSON" */,
			);
			productRefGroup = D5C2CFC826B05D7F0003C89A /* Products */;
			projectDirPath = "";
			projectRoot = "";
			targets = (
				D5C2CFC626B05D7F0003C89A /* Maliar */,
			);
		};
/* End PBXProject section */

/* Begin PBXResourcesBuildPhase section */
		D5C2CFC526B05D7F0003C89A /* Resources */ = {
			isa = PBXResourcesBuildPhase;
			buildActionMask = 2147483647;
			files = (
				D5C2CFD226B05D820003C89A /* Preview Assets.xcassets in Resources */,
				D5C2CFCF26B05D820003C89A /* Assets.xcassets in Resources */,
			);
			runOnlyForDeploymentPostprocessing = 0;
		};
/* End PBXResourcesBuildPhase section */

/* Begin PBXSourcesBuildPhase section */
		D5C2CFC326B05D7F0003C89A /* Sources */ = {
			isa = PBXSourcesBuildPhase;
			buildActionMask = 2147483647;
			files = (
				D57BC8DD26B7A54200F8DB8B /* DownloadShareButtonViewModel.swift in Sources */,
				D569F06826B152DB00F39E8E /* TrendsView.swift in Sources */,
				49D7F9E426C114BB00F952A4 /* BaseRequest.swift in Sources */,
				5D34AF0826BBA9460037FD77 /* AnimalChartViewModel.swift in Sources */,
				49D7FA0326C18F2200F952A4 /* NewsCase.swift in Sources */,
				D53DDF8526BB8B8500913A35 /* EdgeBorder.swift in Sources */,
				49D7FA0726C198D200F952A4 /* APIRequest.swift in Sources */,
				4973C83026CE56CD00E9C169 /* String+.swift in Sources */,
				D5BEF6E226C5158B00740AC4 /* RetrieveDataButton.swift in Sources */,
				49607A4D26BEFE8B00A4E81A /* AntaraScraper.swift in Sources */,
				D57BC8DF26B7AE1000F8DB8B /* View+Extensions.swift in Sources */,
				D58FD4A226B8042B001F7B15 /* NSImage+Extensions.swift in Sources */,
				49D7F9DF26C114A800F952A4 /* Constants.swift in Sources */,
				49426B1D26C57D74002C60A2 /* TableCell.swift in Sources */,
				5D34AF0026BB97450037FD77 /* LocationBarChartView.swift in Sources */,
				5D34AF0226BB99CD0037FD77 /* LocationChartViewModel.swift in Sources */,
				D569F06026B14C5500F39E8E /* SidebarViewModel.swift in Sources */,
				49607A4C26BEFE8B00A4E81A /* KompasScraper.swift in Sources */,
				5D34AF0626BBA8F00037FD77 /* AnimalBarChartView.swift in Sources */,
				491FFBB726CEA6ED006CD99E /* Trend.swift in Sources */,
				D53DDF8726BB8DE200913A35 /* NotificationRow.swift in Sources */,
				D5C2CFCD26B05D7F0003C89A /* SidebarView.swift in Sources */,
				D50DDFBD26B8EAF100B5D172 /* CasesViewModel.swift in Sources */,
				D50DDFC026B8ECF400B5D172 /* NewsCaseDataFieldResponse.swift in Sources */,
				D57BC8DB26B7A12700F8DB8B /* DownloadShareButtonView.swift in Sources */,
				5D34AEFC26BB8AC50037FD77 /* LocationTrends.swift in Sources */,
				49AFC18C26CBC889004D6643 /* Sequence+.swift in Sources */,
				D50DDFC526B8FBE900B5D172 /* TableHeader.swift in Sources */,
				D547CD6B26BAB6DB00E8B91E /* NotificationPopoverView.swift in Sources */,
				D547CD6D26BAB6F000E8B91E /* NotificationPopoverViewModel.swift in Sources */,
				D57BC8D826B79C2800F8DB8B /* DateSelectorView.swift in Sources */,
				D58FD4A026B7DD81001F7B15 /* FileType.swift in Sources */,
				D5B95B0A26C68E6900BB5076 /* Collection+Extensions.swift in Sources */,
				5D34AEFA26BB86670037FD77 /* AnimalTrends.swift in Sources */,
				D5C2CFCB26B05D7F0003C89A /* MaliarApp.swift in Sources */,
				D569F06E26B159ED00F39E8E /* ButtonStyle+Extensions.swift in Sources */,
				D50DDFC226B8FA7500B5D172 /* TableHeaderView.swift in Sources */,
				D547CD6F26BAB71100E8B91E /* Notification.swift in Sources */,
				D50DDFC726B9009C00B5D172 /* TableCellView.swift in Sources */,
				4963DB2826CD0D08008E0884 /* DataRequestScheduler.swift in Sources */,
				49607A4E26BEFE8B00A4E81A /* GoogleCrawler.swift in Sources */,
				D569F06B26B152F700F39E8E /* CasesView.swift in Sources */,
				D569F06226B14C8100F39E8E /* SidebarMenu.swift in Sources */,
			);
			runOnlyForDeploymentPostprocessing = 0;
		};
/* End PBXSourcesBuildPhase section */

/* Begin XCBuildConfiguration section */
		D5C2CFD526B05D820003C89A /* Debug */ = {
			isa = XCBuildConfiguration;
			buildSettings = {
				ALWAYS_SEARCH_USER_PATHS = NO;
				CLANG_ANALYZER_NONNULL = YES;
				CLANG_ANALYZER_NUMBER_OBJECT_CONVERSION = YES_AGGRESSIVE;
				CLANG_CXX_LANGUAGE_STANDARD = "gnu++14";
				CLANG_CXX_LIBRARY = "libc++";
				CLANG_ENABLE_MODULES = YES;
				CLANG_ENABLE_OBJC_ARC = YES;
				CLANG_ENABLE_OBJC_WEAK = YES;
				CLANG_WARN_BLOCK_CAPTURE_AUTORELEASING = YES;
				CLANG_WARN_BOOL_CONVERSION = YES;
				CLANG_WARN_COMMA = YES;
				CLANG_WARN_CONSTANT_CONVERSION = YES;
				CLANG_WARN_DEPRECATED_OBJC_IMPLEMENTATIONS = YES;
				CLANG_WARN_DIRECT_OBJC_ISA_USAGE = YES_ERROR;
				CLANG_WARN_DOCUMENTATION_COMMENTS = YES;
				CLANG_WARN_EMPTY_BODY = YES;
				CLANG_WARN_ENUM_CONVERSION = YES;
				CLANG_WARN_INFINITE_RECURSION = YES;
				CLANG_WARN_INT_CONVERSION = YES;
				CLANG_WARN_NON_LITERAL_NULL_CONVERSION = YES;
				CLANG_WARN_OBJC_IMPLICIT_RETAIN_SELF = YES;
				CLANG_WARN_OBJC_LITERAL_CONVERSION = YES;
				CLANG_WARN_OBJC_ROOT_CLASS = YES_ERROR;
				CLANG_WARN_QUOTED_INCLUDE_IN_FRAMEWORK_HEADER = YES;
				CLANG_WARN_RANGE_LOOP_ANALYSIS = YES;
				CLANG_WARN_STRICT_PROTOTYPES = YES;
				CLANG_WARN_SUSPICIOUS_MOVE = YES;
				CLANG_WARN_UNGUARDED_AVAILABILITY = YES_AGGRESSIVE;
				CLANG_WARN_UNREACHABLE_CODE = YES;
				CLANG_WARN__DUPLICATE_METHOD_MATCH = YES;
				COPY_PHASE_STRIP = NO;
				DEBUG_INFORMATION_FORMAT = dwarf;
				ENABLE_STRICT_OBJC_MSGSEND = YES;
				ENABLE_TESTABILITY = YES;
				GCC_C_LANGUAGE_STANDARD = gnu11;
				GCC_DYNAMIC_NO_PIC = NO;
				GCC_NO_COMMON_BLOCKS = YES;
				GCC_OPTIMIZATION_LEVEL = 0;
				GCC_PREPROCESSOR_DEFINITIONS = (
					"DEBUG=1",
					"$(inherited)",
				);
				GCC_WARN_64_TO_32_BIT_CONVERSION = YES;
				GCC_WARN_ABOUT_RETURN_TYPE = YES_ERROR;
				GCC_WARN_UNDECLARED_SELECTOR = YES;
				GCC_WARN_UNINITIALIZED_AUTOS = YES_AGGRESSIVE;
				GCC_WARN_UNUSED_FUNCTION = YES;
				GCC_WARN_UNUSED_VARIABLE = YES;
				MACOSX_DEPLOYMENT_TARGET = 11.3;
				MTL_ENABLE_DEBUG_INFO = INCLUDE_SOURCE;
				MTL_FAST_MATH = YES;
				ONLY_ACTIVE_ARCH = YES;
				SDKROOT = macosx;
				SWIFT_ACTIVE_COMPILATION_CONDITIONS = DEBUG;
				SWIFT_OPTIMIZATION_LEVEL = "-Onone";
			};
			name = Debug;
		};
		D5C2CFD626B05D820003C89A /* Release */ = {
			isa = XCBuildConfiguration;
			buildSettings = {
				ALWAYS_SEARCH_USER_PATHS = NO;
				CLANG_ANALYZER_NONNULL = YES;
				CLANG_ANALYZER_NUMBER_OBJECT_CONVERSION = YES_AGGRESSIVE;
				CLANG_CXX_LANGUAGE_STANDARD = "gnu++14";
				CLANG_CXX_LIBRARY = "libc++";
				CLANG_ENABLE_MODULES = YES;
				CLANG_ENABLE_OBJC_ARC = YES;
				CLANG_ENABLE_OBJC_WEAK = YES;
				CLANG_WARN_BLOCK_CAPTURE_AUTORELEASING = YES;
				CLANG_WARN_BOOL_CONVERSION = YES;
				CLANG_WARN_COMMA = YES;
				CLANG_WARN_CONSTANT_CONVERSION = YES;
				CLANG_WARN_DEPRECATED_OBJC_IMPLEMENTATIONS = YES;
				CLANG_WARN_DIRECT_OBJC_ISA_USAGE = YES_ERROR;
				CLANG_WARN_DOCUMENTATION_COMMENTS = YES;
				CLANG_WARN_EMPTY_BODY = YES;
				CLANG_WARN_ENUM_CONVERSION = YES;
				CLANG_WARN_INFINITE_RECURSION = YES;
				CLANG_WARN_INT_CONVERSION = YES;
				CLANG_WARN_NON_LITERAL_NULL_CONVERSION = YES;
				CLANG_WARN_OBJC_IMPLICIT_RETAIN_SELF = YES;
				CLANG_WARN_OBJC_LITERAL_CONVERSION = YES;
				CLANG_WARN_OBJC_ROOT_CLASS = YES_ERROR;
				CLANG_WARN_QUOTED_INCLUDE_IN_FRAMEWORK_HEADER = YES;
				CLANG_WARN_RANGE_LOOP_ANALYSIS = YES;
				CLANG_WARN_STRICT_PROTOTYPES = YES;
				CLANG_WARN_SUSPICIOUS_MOVE = YES;
				CLANG_WARN_UNGUARDED_AVAILABILITY = YES_AGGRESSIVE;
				CLANG_WARN_UNREACHABLE_CODE = YES;
				CLANG_WARN__DUPLICATE_METHOD_MATCH = YES;
				COPY_PHASE_STRIP = NO;
				DEBUG_INFORMATION_FORMAT = "dwarf-with-dsym";
				ENABLE_NS_ASSERTIONS = NO;
				ENABLE_STRICT_OBJC_MSGSEND = YES;
				GCC_C_LANGUAGE_STANDARD = gnu11;
				GCC_NO_COMMON_BLOCKS = YES;
				GCC_WARN_64_TO_32_BIT_CONVERSION = YES;
				GCC_WARN_ABOUT_RETURN_TYPE = YES_ERROR;
				GCC_WARN_UNDECLARED_SELECTOR = YES;
				GCC_WARN_UNINITIALIZED_AUTOS = YES_AGGRESSIVE;
				GCC_WARN_UNUSED_FUNCTION = YES;
				GCC_WARN_UNUSED_VARIABLE = YES;
				MACOSX_DEPLOYMENT_TARGET = 11.3;
				MTL_ENABLE_DEBUG_INFO = NO;
				MTL_FAST_MATH = YES;
				SDKROOT = macosx;
				SWIFT_COMPILATION_MODE = wholemodule;
				SWIFT_OPTIMIZATION_LEVEL = "-O";
			};
			name = Release;
		};
		D5C2CFD826B05D820003C89A /* Debug */ = {
			isa = XCBuildConfiguration;
			buildSettings = {
				ASSETCATALOG_COMPILER_APPICON_NAME = AppIcon;
				ASSETCATALOG_COMPILER_GLOBAL_ACCENT_COLOR_NAME = AccentColor;
				CODE_SIGN_ENTITLEMENTS = "Maliar/Supporting Files/Maliar.entitlements";
				CODE_SIGN_STYLE = Automatic;
				COMBINE_HIDPI_IMAGES = YES;
				DEVELOPMENT_ASSET_PATHS = "\"Maliar/Preview Content\"";
				DEVELOPMENT_TEAM = TATAZHHLZ7;
				ENABLE_HARDENED_RUNTIME = YES;
				ENABLE_PREVIEWS = YES;
				INFOPLIST_FILE = "Maliar/Supporting Files/Info.plist";
				LD_RUNPATH_SEARCH_PATHS = (
					"$(inherited)",
					"@executable_path/../Frameworks",
				);
				MACOSX_DEPLOYMENT_TARGET = 11.0;
				PRODUCT_BUNDLE_IDENTIFIER = com.LongingForHome.Maliar;
				PRODUCT_NAME = "$(TARGET_NAME)";
				SWIFT_VERSION = 5.0;
			};
			name = Debug;
		};
		D5C2CFD926B05D820003C89A /* Release */ = {
			isa = XCBuildConfiguration;
			buildSettings = {
				ASSETCATALOG_COMPILER_APPICON_NAME = AppIcon;
				ASSETCATALOG_COMPILER_GLOBAL_ACCENT_COLOR_NAME = AccentColor;
				CODE_SIGN_ENTITLEMENTS = "Maliar/Supporting Files/Maliar.entitlements";
				CODE_SIGN_STYLE = Automatic;
				COMBINE_HIDPI_IMAGES = YES;
				DEVELOPMENT_ASSET_PATHS = "\"Maliar/Preview Content\"";
				DEVELOPMENT_TEAM = TATAZHHLZ7;
				ENABLE_HARDENED_RUNTIME = YES;
				ENABLE_PREVIEWS = YES;
				INFOPLIST_FILE = "Maliar/Supporting Files/Info.plist";
				LD_RUNPATH_SEARCH_PATHS = (
					"$(inherited)",
					"@executable_path/../Frameworks",
				);
				MACOSX_DEPLOYMENT_TARGET = 11.0;
				PRODUCT_BUNDLE_IDENTIFIER = com.LongingForHome.Maliar;
				PRODUCT_NAME = "$(TARGET_NAME)";
				SWIFT_VERSION = 5.0;
			};
			name = Release;
		};
/* End XCBuildConfiguration section */

/* Begin XCConfigurationList section */
		D5C2CFC226B05D7F0003C89A /* Build configuration list for PBXProject "Maliar" */ = {
			isa = XCConfigurationList;
			buildConfigurations = (
				D5C2CFD526B05D820003C89A /* Debug */,
				D5C2CFD626B05D820003C89A /* Release */,
			);
			defaultConfigurationIsVisible = 0;
			defaultConfigurationName = Release;
		};
		D5C2CFD726B05D820003C89A /* Build configuration list for PBXNativeTarget "Maliar" */ = {
			isa = XCConfigurationList;
			buildConfigurations = (
				D5C2CFD826B05D820003C89A /* Debug */,
				D5C2CFD926B05D820003C89A /* Release */,
			);
			defaultConfigurationIsVisible = 0;
			defaultConfigurationName = Release;
		};
/* End XCConfigurationList section */

/* Begin XCRemoteSwiftPackageReference section */
		49607A4226BEFD0400A4E81A /* XCRemoteSwiftPackageReference "SwiftSoup" */ = {
			isa = XCRemoteSwiftPackageReference;
			repositoryURL = "https://github.com/scinfu/SwiftSoup";
			requirement = {
				kind = upToNextMajorVersion;
				minimumVersion = 2.3.2;
			};
		};
		49D7F9F026C16E7700F952A4 /* XCRemoteSwiftPackageReference "Alamofire" */ = {
			isa = XCRemoteSwiftPackageReference;
			repositoryURL = "https://github.com/Alamofire/Alamofire";
			requirement = {
				kind = upToNextMajorVersion;
				minimumVersion = 5.4.3;
			};
		};
		49D7F9F426C16F8800F952A4 /* XCRemoteSwiftPackageReference "SwiftyJSON" */ = {
			isa = XCRemoteSwiftPackageReference;
			repositoryURL = "https://github.com/SwiftyJSON/SwiftyJSON";
			requirement = {
				kind = upToNextMajorVersion;
				minimumVersion = 5.0.1;
			};
		};
		D569F05726B149F800F39E8E /* XCRemoteSwiftPackageReference "Charts" */ = {
			isa = XCRemoteSwiftPackageReference;
			repositoryURL = "https://github.com/danielgindi/Charts.git";
			requirement = {
				kind = upToNextMajorVersion;
				minimumVersion = 3.6.0;
			};
		};
/* End XCRemoteSwiftPackageReference section */

/* Begin XCSwiftPackageProductDependency section */
		49607A4326BEFD0400A4E81A /* SwiftSoup */ = {
			isa = XCSwiftPackageProductDependency;
			package = 49607A4226BEFD0400A4E81A /* XCRemoteSwiftPackageReference "SwiftSoup" */;
			productName = SwiftSoup;
		};
		49D7F9F126C16E7700F952A4 /* Alamofire */ = {
			isa = XCSwiftPackageProductDependency;
			package = 49D7F9F026C16E7700F952A4 /* XCRemoteSwiftPackageReference "Alamofire" */;
			productName = Alamofire;
		};
		49D7F9F526C16F8800F952A4 /* SwiftyJSON */ = {
			isa = XCSwiftPackageProductDependency;
			package = 49D7F9F426C16F8800F952A4 /* XCRemoteSwiftPackageReference "SwiftyJSON" */;
			productName = SwiftyJSON;
		};
		D569F05826B149F800F39E8E /* Charts */ = {
			isa = XCSwiftPackageProductDependency;
			package = D569F05726B149F800F39E8E /* XCRemoteSwiftPackageReference "Charts" */;
			productName = Charts;
		};
/* End XCSwiftPackageProductDependency section */
	};
	rootObject = D5C2CFBF26B05D7F0003C89A /* Project object */;
}
